PODS:
  - flutter_box2c (0.0.1):
    - FlutterMacOS
  - FlutterMacOS (1.0.0)

DEPENDENCIES:
  - flutter_box2c (from `Flutter/ephemeral/.symlinks/plugins/flutter_box2c/macos`)
  - FlutterMacOS (from `Flutter/ephemeral`)

EXTERNAL SOURCES:
  flutter_box2c:
    :path: Flutter/ephemeral/.symlinks/plugins/flutter_box2c/macos
  FlutterMacOS:
    :path: Flutter/ephemeral

SPEC CHECKSUMS:
  flutter_box2c: 8cc1669c823f02dda47b9f8f58c743fbc8b962b7
  FlutterMacOS: 8f6f14fa908a6fb3fba0cd85dbd81ec4b251fb24

PODFILE CHECKSUM: 353c8bcc5d5b0994e508d035b5431cfe18c1dea7

COCOAPODS: 1.11.3
