PODS:
  - flutter_box2d_macos (0.0.1):
    - FlutterMacOS
  - FlutterMacOS (1.0.0)

DEPENDENCIES:
  - flutter_box2d_macos (from `Flutter/ephemeral/.symlinks/plugins/flutter_box2d_macos/macos`)
  - FlutterMacOS (from `Flutter/ephemeral`)

EXTERNAL SOURCES:
  flutter_box2d_macos:
    :path: Flutter/ephemeral/.symlinks/plugins/flutter_box2d_macos/macos
  FlutterMacOS:
    :path: Flutter/ephemeral

SPEC CHECKSUMS:
  flutter_box2d_macos: a340cf7b865fe05e436c2c6fcd84cc8afda03ba9
  FlutterMacOS: 57701585bf7de1b3fc2bb61f6378d73bbdea8424

PODFILE CHECKSUM: 0658da38c6047aae7c9e96d12e632a4ff454544e

COCOAPODS: 1.11.3
