PODS:
  - cloud_firestore (3.1.7):
    - Firebase/CoreOnly (~> 8.6.0)
    - Firebase/Firestore (~> 8.6.0)
    - firebase_core
    - FlutterMacOS
  - desktop_webview_auth (0.0.1):
    - FlutterMacOS
  - Firebase/Auth (8.6.1):
    - Firebase/CoreOnly
    - FirebaseAuth (~> 8.6.0)
  - Firebase/CoreOnly (8.6.1):
    - FirebaseCore (= 8.6.1)
  - Firebase/Database (8.6.1):
    - Firebase/CoreOnly
    - FirebaseDatabase (~> 8.6.0)
  - Firebase/Firestore (8.6.1):
    - Firebase/CoreOnly
    - FirebaseFirestore (~> 8.6.0)
  - firebase_auth (3.3.6):
    - Firebase/Auth (~> 8.6.0)
    - Firebase/CoreOnly (~> 8.6.0)
    - firebase_core
    - FlutterMacOS
  - firebase_core (1.10.5):
    - Firebase/CoreOnly (~> 8.6.0)
    - FlutterMacOS
  - firebase_database (9.0.6):
    - Firebase/CoreOnly (~> 8.6.0)
    - Firebase/Database (~> 8.6.0)
    - firebase_core
    - FlutterMacOS
  - FirebaseAuth (8.6.0):
    - FirebaseCore (~> 8.0)
    - GoogleUtilities/AppDelegateSwizzler (~> 7.4)
    - GoogleUtilities/Environment (~> 7.4)
    - GTMSessionFetcher/Core (~> 1.5)
  - FirebaseCore (8.6.1):
    - FirebaseCoreDiagnostics (~> 8.0)
    - GoogleUtilities/Environment (~> 7.4)
    - GoogleUtilities/Logger (~> 7.4)
  - FirebaseCoreDiagnostics (8.9.0):
    - GoogleDataTransport (~> 9.1)
    - GoogleUtilities/Environment (~> 7.6)
    - GoogleUtilities/Logger (~> 7.6)
    - nanopb (~> 2.30908.0)
  - FirebaseDatabase (8.6.0):
    - FirebaseCore (~> 8.0)
    - leveldb-library (~> 1.22)
  - FirebaseFirestore (8.6.0):
    - FirebaseFirestore/AutodetectLeveldb (= 8.6.0)
  - FirebaseFirestore/AutodetectLeveldb (8.6.0):
    - FirebaseFirestore/Base
    - FirebaseFirestore/WithLeveldb
  - FirebaseFirestore/Base (8.6.0)
  - FirebaseFirestore/WithLeveldb (8.6.0):
    - FirebaseFirestore/Base
  - FlutterMacOS (1.0.0)
  - GoogleDataTransport (9.1.2):
    - GoogleUtilities/Environment (~> 7.2)
    - nanopb (~> 2.30908.0)
    - PromisesObjC (< 3.0, >= 1.2)
  - GoogleUtilities/AppDelegateSwizzler (7.6.0):
    - GoogleUtilities/Environment
    - GoogleUtilities/Logger
    - GoogleUtilities/Network
  - GoogleUtilities/Environment (7.6.0):
    - PromisesObjC (< 3.0, >= 1.2)
  - GoogleUtilities/Logger (7.6.0):
    - GoogleUtilities/Environment
  - GoogleUtilities/Network (7.6.0):
    - GoogleUtilities/Logger
    - "GoogleUtilities/NSData+zlib"
    - GoogleUtilities/Reachability
  - "GoogleUtilities/NSData+zlib (7.6.0)"
  - GoogleUtilities/Reachability (7.6.0):
    - GoogleUtilities/Logger
  - GTMSessionFetcher/Core (1.7.0)
  - leveldb-library (1.22.1)
  - nanopb (2.30908.0):
    - nanopb/decode (= 2.30908.0)
    - nanopb/encode (= 2.30908.0)
  - nanopb/decode (2.30908.0)
  - nanopb/encode (2.30908.0)
  - PromisesObjC (2.0.0)
  - sign_in_with_apple (0.0.1):
    - FlutterMacOS
  - url_launcher_macos (0.0.1):
    - FlutterMacOS

DEPENDENCIES:
  - cloud_firestore (from `Flutter/ephemeral/.symlinks/plugins/cloud_firestore/macos`)
  - desktop_webview_auth (from `Flutter/ephemeral/.symlinks/plugins/desktop_webview_auth/macos`)
  - firebase_auth (from `Flutter/ephemeral/.symlinks/plugins/firebase_auth/macos`)
  - firebase_core (from `Flutter/ephemeral/.symlinks/plugins/firebase_core/macos`)
  - firebase_database (from `Flutter/ephemeral/.symlinks/plugins/firebase_database/macos`)
  - FirebaseFirestore (from `https://github.com/invertase/firestore-ios-sdk-frameworks.git`, tag `8.6.0`)
  - FlutterMacOS (from `Flutter/ephemeral`)
  - sign_in_with_apple (from `Flutter/ephemeral/.symlinks/plugins/sign_in_with_apple/macos`)
  - url_launcher_macos (from `Flutter/ephemeral/.symlinks/plugins/url_launcher_macos/macos`)

SPEC REPOS:
  trunk:
    - Firebase
    - FirebaseAuth
    - FirebaseCore
    - FirebaseCoreDiagnostics
    - FirebaseDatabase
    - GoogleDataTransport
    - GoogleUtilities
    - GTMSessionFetcher
    - leveldb-library
    - nanopb
    - PromisesObjC

EXTERNAL SOURCES:
  cloud_firestore:
    :path: Flutter/ephemeral/.symlinks/plugins/cloud_firestore/macos
  desktop_webview_auth:
    :path: Flutter/ephemeral/.symlinks/plugins/desktop_webview_auth/macos
  firebase_auth:
    :path: Flutter/ephemeral/.symlinks/plugins/firebase_auth/macos
  firebase_core:
    :path: Flutter/ephemeral/.symlinks/plugins/firebase_core/macos
  firebase_database:
    :path: Flutter/ephemeral/.symlinks/plugins/firebase_database/macos
  FirebaseFirestore:
    :git: https://github.com/invertase/firestore-ios-sdk-frameworks.git
    :tag: 8.6.0
  FlutterMacOS:
    :path: Flutter/ephemeral
  sign_in_with_apple:
    :path: Flutter/ephemeral/.symlinks/plugins/sign_in_with_apple/macos
  url_launcher_macos:
    :path: Flutter/ephemeral/.symlinks/plugins/url_launcher_macos/macos

CHECKOUT OPTIONS:
  FirebaseFirestore:
    :git: https://github.com/invertase/firestore-ios-sdk-frameworks.git
    :tag: 8.6.0

SPEC CHECKSUMS:
  cloud_firestore: 86b3c75cdb335eb967af6a63990e69a93b117698
  desktop_webview_auth: 9bba53a29c9bc6a4ff621fd0ebfbb18856c4dada
  Firebase: e84d95f6d3a91f634abc384f0751c434cb3aecfa
  firebase_auth: bb5c4513fa925cfd5b1366ffa4a0782421b214e0
  firebase_core: 0e9b1988cdeb8480a1a9777bbe0681675858352f
  firebase_database: 857e936515108a46d3994c1b65d353e34b1dc1d5
  FirebaseAuth: 223adeeb2262b417532e89bf06a960e3a0a1e9e4
  FirebaseCore: a753c231801f04f5ccd10cc92119ad1b12a61165
  FirebaseCoreDiagnostics: 5daa63f1c1409d981a2d5007daa100b36eac6a34
  FirebaseDatabase: 917fbeed577a68eb1ba0eb48c52a3aa10ac13f92
  FirebaseFirestore: 113b2724b363d79c98c965f43e8af970745c13f3
  FlutterMacOS: 57701585bf7de1b3fc2bb61f6378d73bbdea8424
  GoogleDataTransport: 629c20a4d363167143f30ea78320d5a7eb8bd940
  GoogleUtilities: 684ee790a24f73ebb2d1d966e9711c203f2a4237
  GTMSessionFetcher: 43748f93435c2aa068b1cbe39655aaf600652e91
  leveldb-library: 50c7b45cbd7bf543c81a468fe557a16ae3db8729
  nanopb: a0ba3315591a9ae0a16a309ee504766e90db0c96
  PromisesObjC: 68159ce6952d93e17b2dfe273b8c40907db5ba58
  sign_in_with_apple: a9e97e744e8edc36aefc2723111f652102a7a727
  url_launcher_macos: 45af3d61de06997666568a7149c1be98b41c95d4

PODFILE CHECKSUM: 97b701d7e8d5dfb4c50e67f1907f87137807d78f

COCOAPODS: 1.11.2
